
Microsoft Visual Studio Solution File, Format Version 12.00
# Visual Studio Version 16
VisualStudioVersion = 16.0.31424.327
MinimumVisualStudioVersion = 10.0.40219.1
Project("{FAE04EC0-301F-11D3-BF4B-00C04F79EFBC}") = "CaseStudies", "CaseStudies\CaseStudies.csproj", "{6BE32B98-56A7-4384-8B8F-A492325FBAF3}"
EndProject
Global
	GlobalSection(SolutionConfigurationPlatforms) = preSolution
		Debug|Any CPU = Debug|Any CPU
		Release|Any CPU = Release|Any CPU
	EndGlobalSection
	GlobalSection(ProjectConfigurationPlatforms) = postSolution
		{6BE32B98-56A7-4384-8B8F-A492325FBAF3}.Debug|Any CPU.ActiveCfg = Debug|Any CPU
		{6BE32B98-56A7-4384-8B8F-A492325FBAF3}.Debug|Any CPU.Build.0 = Debug|Any CPU
		{6BE32B98-56A7-4384-8B8F-A492325FBAF3}.Release|Any CPU.ActiveCfg = Release|Any CPU
		{6BE32B98-56A7-4384-8B8F-A492325FBAF3}.Release|Any CPU.Build.0 = Release|Any CPU
	EndGlobalSection
	GlobalSection(SolutionProperties) = preSolution
		HideSolutionNode = FALSE
	EndGlobalSection
	GlobalSection(ExtensibilityGlobals) = postSolution
		SolutionGuid = {498EF2E4-FCF2-469B-A211-9BC11A818C6D}
	EndGlobalSection
EndGlobal
